PODS:
  - NewPaySDK-iOS (1.1.1)
  - SDWebImage (4.4.2):
    - SDWebImage/Core (= 4.4.2)
  - SDWebImage/Core (4.4.2)

DEPENDENCIES:
  - NewPaySDK-iOS (= 1.1.1)
  - SDWebImage (= 4.4.2)

SPEC REPOS:
  trunk:
    - NewPaySDK-iOS
    - SDWebImage

SPEC CHECKSUMS:
  NewPaySDK-iOS: ed135cbf8dbcfebdd75921f2b2aee7af9401072d
  SDWebImage: 624d6e296c69b244bcede364c72ae0430ac14681

PODFILE CHECKSUM: a458f72b3dbcfbf8ae155f5683fc3a997573f2dd

COCOAPODS: 1.8.4
